
Microsoft Visual Studio Solution File, Format Version 12.00
# Visual Studio 15
VisualStudioVersion = 15.0.28010.2003
MinimumVisualStudioVersion = 10.0.40219.1
Project("{FAE04EC0-301F-11D3-BF4B-00C04F79EFBC}") = "DeltagerlisteWPF", "DeltagerlisteWPF\DeltagerlisteWPF.csproj", "{C7D902BF-99B2-4BE8-BE59-B3BED4FC2F81}"
EndProject
Global
	GlobalSection(SolutionConfigurationPlatforms) = preSolution
		Debug|Any CPU = Debug|Any CPU
		Release|Any CPU = Release|Any CPU
	EndGlobalSection
	GlobalSection(ProjectConfigurationPlatforms) = postSolution
		{C7D902BF-99B2-4BE8-BE59-B3BED4FC2F81}.Debug|Any CPU.ActiveCfg = Debug|Any CPU
		{C7D902BF-99B2-4BE8-BE59-B3BED4FC2F81}.Debug|Any CPU.Build.0 = Debug|Any CPU
		{C7D902BF-99B2-4BE8-BE59-B3BED4FC2F81}.Release|Any CPU.ActiveCfg = Release|Any CPU
		{C7D902BF-99B2-4BE8-BE59-B3BED4FC2F81}.Release|Any CPU.Build.0 = Release|Any CPU
	EndGlobalSection
	GlobalSection(SolutionProperties) = preSolution
		HideSolutionNode = FALSE
	EndGlobalSection
	GlobalSection(ExtensibilityGlobals) = postSolution
		SolutionGuid = {F7A5E236-A973-465B-8D70-DB280FFF2EC7}
	EndGlobalSection
EndGlobal
