
Microsoft Visual Studio Solution File, Format Version 12.00
# Visual Studio 15
VisualStudioVersion = 15.0.28010.2003
MinimumVisualStudioVersion = 10.0.40219.1
Project("{FAE04EC0-301F-11D3-BF4B-00C04F79EFBC}") = "Calculator", "..\Calculator\Calculator\Calculator.csproj", "{62F4BB6C-7FE6-47D8-A1C0-232E5F9F31BB}"
EndProject
Project("{FAE04EC0-301F-11D3-BF4B-00C04F79EFBC}") = "Calculator.Test.Unit", "Calculator.Test.Unit\Calculator.Test.Unit.csproj", "{A97CE610-7AFB-495D-A2F2-7063A94C15E3}"
EndProject
Global
	GlobalSection(SolutionConfigurationPlatforms) = preSolution
		Debug|Any CPU = Debug|Any CPU
		Release|Any CPU = Release|Any CPU
	EndGlobalSection
	GlobalSection(ProjectConfigurationPlatforms) = postSolution
		{62F4BB6C-7FE6-47D8-A1C0-232E5F9F31BB}.Debug|Any CPU.ActiveCfg = Debug|Any CPU
		{62F4BB6C-7FE6-47D8-A1C0-232E5F9F31BB}.Debug|Any CPU.Build.0 = Debug|Any CPU
		{62F4BB6C-7FE6-47D8-A1C0-232E5F9F31BB}.Release|Any CPU.ActiveCfg = Release|Any CPU
		{62F4BB6C-7FE6-47D8-A1C0-232E5F9F31BB}.Release|Any CPU.Build.0 = Release|Any CPU
		{A97CE610-7AFB-495D-A2F2-7063A94C15E3}.Debug|Any CPU.ActiveCfg = Debug|Any CPU
		{A97CE610-7AFB-495D-A2F2-7063A94C15E3}.Debug|Any CPU.Build.0 = Debug|Any CPU
		{A97CE610-7AFB-495D-A2F2-7063A94C15E3}.Release|Any CPU.ActiveCfg = Release|Any CPU
		{A97CE610-7AFB-495D-A2F2-7063A94C15E3}.Release|Any CPU.Build.0 = Release|Any CPU
	EndGlobalSection
	GlobalSection(SolutionProperties) = preSolution
		HideSolutionNode = FALSE
	EndGlobalSection
	GlobalSection(ExtensibilityGlobals) = postSolution
		SolutionGuid = {3041193D-5B45-4DCF-9159-D5C13BB4D3F8}
	EndGlobalSection
EndGlobal
