
Microsoft Visual Studio Solution File, Format Version 12.00
# Visual Studio 15
VisualStudioVersion = 15.0.28010.2003
MinimumVisualStudioVersion = 10.0.40219.1
Project("{FAE04EC0-301F-11D3-BF4B-00C04F79EFBC}") = "Calculator", "Calculator\Calculator.csproj", "{62F4BB6C-7FE6-47D8-A1C0-232E5F9F31BB}"
EndProject
Project("{FAE04EC0-301F-11D3-BF4B-00C04F79EFBC}") = "CalculatorApp", "CalculatorApp\CalculatorApp.csproj", "{3B571CBB-796E-45FA-BD66-D949FC00601E}"
EndProject
Global
	GlobalSection(SolutionConfigurationPlatforms) = preSolution
		Debug|Any CPU = Debug|Any CPU
		Release|Any CPU = Release|Any CPU
	EndGlobalSection
	GlobalSection(ProjectConfigurationPlatforms) = postSolution
		{62F4BB6C-7FE6-47D8-A1C0-232E5F9F31BB}.Debug|Any CPU.ActiveCfg = Debug|Any CPU
		{62F4BB6C-7FE6-47D8-A1C0-232E5F9F31BB}.Debug|Any CPU.Build.0 = Debug|Any CPU
		{62F4BB6C-7FE6-47D8-A1C0-232E5F9F31BB}.Release|Any CPU.ActiveCfg = Release|Any CPU
		{62F4BB6C-7FE6-47D8-A1C0-232E5F9F31BB}.Release|Any CPU.Build.0 = Release|Any CPU
		{3B571CBB-796E-45FA-BD66-D949FC00601E}.Debug|Any CPU.ActiveCfg = Debug|Any CPU
		{3B571CBB-796E-45FA-BD66-D949FC00601E}.Debug|Any CPU.Build.0 = Debug|Any CPU
		{3B571CBB-796E-45FA-BD66-D949FC00601E}.Release|Any CPU.ActiveCfg = Release|Any CPU
		{3B571CBB-796E-45FA-BD66-D949FC00601E}.Release|Any CPU.Build.0 = Release|Any CPU
	EndGlobalSection
	GlobalSection(SolutionProperties) = preSolution
		HideSolutionNode = FALSE
	EndGlobalSection
	GlobalSection(ExtensibilityGlobals) = postSolution
		SolutionGuid = {908F4C16-EA93-4084-BFFA-CDA66818046A}
	EndGlobalSection
EndGlobal
