
Microsoft Visual Studio Solution File, Format Version 12.00
# Visual Studio 15
VisualStudioVersion = 15.0.28010.2003
MinimumVisualStudioVersion = 10.0.40219.1
Project("{00D1A9C2-B5F0-4AF3-8072-F6C62B433612}") = "Personkartotek", "Personkartotek\Personkartotek.sqlproj", "{0B6B4029-DF7A-4260-8929-3990A96D3501}"
EndProject
Project("{FAE04EC0-301F-11D3-BF4B-00C04F79EFBC}") = "PersonkartotekGUI", "PersonkartotekGUI\PersonkartotekGUI.csproj", "{885143A6-99D9-41C6-B126-C6FE655228CA}"
EndProject
Global
	GlobalSection(SolutionConfigurationPlatforms) = preSolution
		Debug|Any CPU = Debug|Any CPU
		Release|Any CPU = Release|Any CPU
	EndGlobalSection
	GlobalSection(ProjectConfigurationPlatforms) = postSolution
		{0B6B4029-DF7A-4260-8929-3990A96D3501}.Debug|Any CPU.ActiveCfg = Debug|Any CPU
		{0B6B4029-DF7A-4260-8929-3990A96D3501}.Debug|Any CPU.Build.0 = Debug|Any CPU
		{0B6B4029-DF7A-4260-8929-3990A96D3501}.Debug|Any CPU.Deploy.0 = Debug|Any CPU
		{0B6B4029-DF7A-4260-8929-3990A96D3501}.Release|Any CPU.ActiveCfg = Release|Any CPU
		{0B6B4029-DF7A-4260-8929-3990A96D3501}.Release|Any CPU.Build.0 = Release|Any CPU
		{0B6B4029-DF7A-4260-8929-3990A96D3501}.Release|Any CPU.Deploy.0 = Release|Any CPU
		{885143A6-99D9-41C6-B126-C6FE655228CA}.Debug|Any CPU.ActiveCfg = Debug|Any CPU
		{885143A6-99D9-41C6-B126-C6FE655228CA}.Debug|Any CPU.Build.0 = Debug|Any CPU
		{885143A6-99D9-41C6-B126-C6FE655228CA}.Release|Any CPU.ActiveCfg = Release|Any CPU
		{885143A6-99D9-41C6-B126-C6FE655228CA}.Release|Any CPU.Build.0 = Release|Any CPU
	EndGlobalSection
	GlobalSection(SolutionProperties) = preSolution
		HideSolutionNode = FALSE
	EndGlobalSection
	GlobalSection(ExtensibilityGlobals) = postSolution
		SolutionGuid = {2CDF4AD0-F151-4C2F-B196-AD190FEA3BA6}
	EndGlobalSection
EndGlobal
